
Microsoft Visual Studio Solution File, Format Version 12.00
# Visual Studio 15
VisualStudioVersion = 15.0.26730.12
MinimumVisualStudioVersion = 10.0.40219.1
Project("{FAE04EC0-301F-11D3-BF4B-00C04F79EFBC}") = "SpeedrunAssistant", "SaveOrganizer\SpeedrunAssistant.csproj", "{F3599D39-6E58-4FF6-A44E-C933DD00738A}"
EndProject
Global
	GlobalSection(SolutionConfigurationPlatforms) = preSolution
		Debug|Any CPU = Debug|Any CPU
		Debug|x86 = Debug|x86
		Release|Any CPU = Release|Any CPU
		Release|x86 = Release|x86
	EndGlobalSection
	GlobalSection(ProjectConfigurationPlatforms) = postSolution
		{F3599D39-6E58-4FF6-A44E-C933DD00738A}.Debug|Any CPU.ActiveCfg = Debug|Any CPU
		{F3599D39-6E58-4FF6-A44E-C933DD00738A}.Debug|Any CPU.Build.0 = Debug|Any CPU
		{F3599D39-6E58-4FF6-A44E-C933DD00738A}.Debug|x86.ActiveCfg = Debug|Any CPU
		{F3599D39-6E58-4FF6-A44E-C933DD00738A}.Debug|x86.Build.0 = Debug|Any CPU
		{F3599D39-6E58-4FF6-A44E-C933DD00738A}.Release|Any CPU.ActiveCfg = Release|Any CPU
		{F3599D39-6E58-4FF6-A44E-C933DD00738A}.Release|Any CPU.Build.0 = Release|Any CPU
		{F3599D39-6E58-4FF6-A44E-C933DD00738A}.Release|x86.ActiveCfg = Release|Any CPU
		{F3599D39-6E58-4FF6-A44E-C933DD00738A}.Release|x86.Build.0 = Release|Any CPU
	EndGlobalSection
	GlobalSection(SolutionProperties) = preSolution
		HideSolutionNode = FALSE
	EndGlobalSection
	GlobalSection(ExtensibilityGlobals) = postSolution
		SolutionGuid = {80300870-9A08-4A97-B835-63C77C2BD5F8}
	EndGlobalSection
EndGlobal
